
Microsoft Visual Studio Solution File, Format Version 12.00
# Visual Studio Version 17
VisualStudioVersion = 17.11.35312.102
MinimumVisualStudioVersion = 10.0.40219.1
Project("{9A19103F-16F7-4668-BE54-9A1E7A4F7556}") = "DELETEME", "DELETEME\DELETEME.csproj", "{866D7A22-79B6-4CBA-A559-ACE7C5C07D58}"
EndProject
Project("{2150E333-8FDC-42A3-9474-1A3956D46DE8}") = "Task0", "Task0", "{77935EFB-A157-4B48-9FA6-C877F6F341FB}"
EndProject
Project("{9A19103F-16F7-4668-BE54-9A1E7A4F7556}") = "Tyuiu.PredygerKK.Sprint3.Task0.V8", "Tyuiu.PredygerKK.Sprint3.Task0.V8\Tyuiu.PredygerKK.Sprint3.Task0.V8.csproj", "{6AF336DC-4D00-43F9-A0A8-994AE1E2A458}"
EndProject
Project("{9A19103F-16F7-4668-BE54-9A1E7A4F7556}") = "Tyuiu.PredygerKK.Sprint3.Task0.V8.Lib", "Tyuiu.PredygerKK.Sprint3.Task0.V8.Lib\Tyuiu.PredygerKK.Sprint3.Task0.V8.Lib.csproj", "{E2EB7E75-739A-493A-B080-D234703741E7}"
EndProject
Project("{9A19103F-16F7-4668-BE54-9A1E7A4F7556}") = "Tyuiu.PredygerKK.Sprint3.Task0.V8.Test", "Tyuiu.PredygerKK.Sprint3.Task0.V8.Test\Tyuiu.PredygerKK.Sprint3.Task0.V8.Test.csproj", "{E4622E3E-19C8-4C23-81C0-B380A50FEAC3}"
EndProject
Project("{2150E333-8FDC-42A3-9474-1A3956D46DE8}") = "Task1", "Task1", "{ECB7F22F-6F21-48C2-8F2E-2E4BC8459C4E}"
EndProject
Project("{9A19103F-16F7-4668-BE54-9A1E7A4F7556}") = "Tyuiu.PredygerKK.Sprint3.Task1.V21", "Tyuiu.PredygerKK.Sprint3.Task1.V21\Tyuiu.PredygerKK.Sprint3.Task1.V21.csproj", "{D506716E-64BC-4285-8175-42D802FD7B08}"
EndProject
Project("{9A19103F-16F7-4668-BE54-9A1E7A4F7556}") = "Tyuiu.PredygerKK.Sprint3.Task1.V21.Lib", "Tyuiu.PredygerKK.Sprint3.Task1.V21.Lib\Tyuiu.PredygerKK.Sprint3.Task1.V21.Lib.csproj", "{95963357-A8E5-46B4-A6CD-10391DC72071}"
EndProject
Project("{9A19103F-16F7-4668-BE54-9A1E7A4F7556}") = "Tyuiu.PredygerKK.Sprint3.Task1.V21.Test", "Tyuiu.PredygerKK.Sprint3.Task1.V21.Test\Tyuiu.PredygerKK.Sprint3.Task1.V21.Test.csproj", "{AF1E32BC-2D0E-48A8-A892-5E5E11486B40}"
EndProject
Project("{2150E333-8FDC-42A3-9474-1A3956D46DE8}") = "Task2", "Task2", "{9A6CE078-3904-4B21-BF73-A77DB0B1113F}"
EndProject
Project("{2150E333-8FDC-42A3-9474-1A3956D46DE8}") = "Task3", "Task3", "{8B13E4C1-695E-4E01-99E3-26BFC11D5334}"
EndProject
Project("{9A19103F-16F7-4668-BE54-9A1E7A4F7556}") = "Tyuiu.PredygerKK.Sprint3.Task2.V21", "Tyuiu.PredygerKK.Sprint3.Task2.V21\Tyuiu.PredygerKK.Sprint3.Task2.V21.csproj", "{168F7A70-CA54-440A-971F-54BD4FE0C2CE}"
EndProject
Project("{9A19103F-16F7-4668-BE54-9A1E7A4F7556}") = "Tyuiu.PredygerKK.Sprint3.Task2.V21.Lib", "Tyuiu.PredygerKK.Sprint3.Task2.V21.Lib\Tyuiu.PredygerKK.Sprint3.Task2.V21.Lib.csproj", "{85E25765-AB2E-43F5-88FD-222A0D29DA0B}"
EndProject
Project("{9A19103F-16F7-4668-BE54-9A1E7A4F7556}") = "Tyuiu.PredygerKK.Sprint3.Task2.V21.Test", "Tyuiu.PredygerKK.Sprint3.Task2.V21.Test\Tyuiu.PredygerKK.Sprint3.Task2.V21.Test.csproj", "{78748384-842E-40A5-9E7E-700B0BF0666F}"
EndProject
Project("{9A19103F-16F7-4668-BE54-9A1E7A4F7556}") = "Tyuiu.PredygerKK.Sprint3.Task3.V14", "Tyuiu.PredygerKK.Sprint3.Task3.V14\Tyuiu.PredygerKK.Sprint3.Task3.V14.csproj", "{0A2C26A1-F952-44D9-BE8D-644F347ADEA8}"
EndProject
Project("{9A19103F-16F7-4668-BE54-9A1E7A4F7556}") = "Tyuiu.PredygerKK.Sprint3.Task3.V14.Lib", "Tyuiu.PredygerKK.Sprint3.Task3.V14.Lib\Tyuiu.PredygerKK.Sprint3.Task3.V14.Lib.csproj", "{3A6B6A31-2396-4750-B42D-8287E2700DF6}"
EndProject
Project("{9A19103F-16F7-4668-BE54-9A1E7A4F7556}") = "Tyuiu.PredygerKK.Sprint3.Task3.V14.Test", "Tyuiu.PredygerKK.Sprint3.Task3.V14.Test\Tyuiu.PredygerKK.Sprint3.Task3.V14.Test.csproj", "{C1CD9795-9280-48D5-8661-5650F3FF20F3}"
EndProject
Project("{2150E333-8FDC-42A3-9474-1A3956D46DE8}") = "Task4", "Task4", "{3C220C08-2C5E-4CE5-AAA1-F409832EFB39}"
EndProject
Project("{9A19103F-16F7-4668-BE54-9A1E7A4F7556}") = "Tyuiu.PredygerKK.Sprint3.Task4.V29", "Tyuiu.PredygerKK.Sprint3.Task4.V29\Tyuiu.PredygerKK.Sprint3.Task4.V29.csproj", "{CCD04B2C-B7F0-453E-B892-083EBB208D93}"
EndProject
Project("{9A19103F-16F7-4668-BE54-9A1E7A4F7556}") = "Tyuiu.PredygerKK.Sprint3.Task4.V29.Lib", "Tyuiu.PredygerKK.Sprint3.Task4.V29.Lib\Tyuiu.PredygerKK.Sprint3.Task4.V29.Lib.csproj", "{0A0BED69-CD9F-469A-9AB6-66FC9AC72E4B}"
EndProject
Project("{9A19103F-16F7-4668-BE54-9A1E7A4F7556}") = "Tyuiu.PredygerKK.Sprint3.Task4.V29.Test", "Tyuiu.PredygerKK.Sprint3.Task4.V29.Test\Tyuiu.PredygerKK.Sprint3.Task4.V29.Test.csproj", "{22945EB7-0E4E-4398-917B-EDE2F2DA62C4}"
EndProject
Project("{2150E333-8FDC-42A3-9474-1A3956D46DE8}") = "Task5", "Task5", "{4153FBAB-3A4F-4D2D-9D83-F4BC19BF0588}"
EndProject
Project("{9A19103F-16F7-4668-BE54-9A1E7A4F7556}") = "Tyuiu.PredygerKK.Sprint3.Task5.V19", "Tyuiu.PredygerKK.Sprint3.Task5.V19\Tyuiu.PredygerKK.Sprint3.Task5.V19.csproj", "{0B4624F6-490E-4B93-8E07-DC87BCE64A84}"
EndProject
Project("{9A19103F-16F7-4668-BE54-9A1E7A4F7556}") = "Tyuiu.PredygerKK.Sprint3.Task5.V19.Lib", "Tyuiu.PredygerKK.Sprint3.Task5.V19.Lib\Tyuiu.PredygerKK.Sprint3.Task5.V19.Lib.csproj", "{692AFD89-6ACB-4FD2-A8D4-A8FF45D7F921}"
EndProject
Project("{9A19103F-16F7-4668-BE54-9A1E7A4F7556}") = "Tyuiu.PredygerKK.Sprint3.Task5.V19.Test", "Tyuiu.PredygerKK.Sprint3.Task5.V19.Test\Tyuiu.PredygerKK.Sprint3.Task5.V19.Test.csproj", "{055169E8-85E3-4568-8306-86B4A61DD921}"
EndProject
Project("{2150E333-8FDC-42A3-9474-1A3956D46DE8}") = "Task6", "Task6", "{22AA1B99-BC50-4D4A-AE50-75EE6CAA2CB2}"
EndProject
Project("{2150E333-8FDC-42A3-9474-1A3956D46DE8}") = "Task7", "Task7", "{4C24D3B0-A0A1-4EAD-BF2D-E412BB56E958}"
EndProject
Project("{FAE04EC0-301F-11D3-BF4B-00C04F79EFBC}") = "Tyuiu.PredygerKK.Sprint3.Task6.V25", "Tyuiu.PredygerKK.Sprint3.Task6.V25\Tyuiu.PredygerKK.Sprint3.Task6.V25.csproj", "{37C63A7A-01E1-453C-ACED-686AA1375155}"
EndProject
Project("{FAE04EC0-301F-11D3-BF4B-00C04F79EFBC}") = "Tyuiu.PredygerKK.Sprint3.Task6.V25.Lib", "Tyuiu.PredygerKK.Sprint3.Task6.V25.Lib\Tyuiu.PredygerKK.Sprint3.Task6.V25.Lib.csproj", "{E09024E9-B689-4190-8E23-7DC1A2A68510}"
EndProject
Project("{FAE04EC0-301F-11D3-BF4B-00C04F79EFBC}") = "Tyuiu.PredygerKK.Sprint3.Task6.V25.Test", "Tyuiu.PredygerKK.Sprint3.Task6.V25.Test\Tyuiu.PredygerKK.Sprint3.Task6.V25.Test.csproj", "{A6F8D904-5B67-44CF-AD55-C13E77F300B4}"
EndProject
Global
	GlobalSection(SolutionConfigurationPlatforms) = preSolution
		Debug|Any CPU = Debug|Any CPU
		Release|Any CPU = Release|Any CPU
	EndGlobalSection
	GlobalSection(ProjectConfigurationPlatforms) = postSolution
		{866D7A22-79B6-4CBA-A559-ACE7C5C07D58}.Debug|Any CPU.ActiveCfg = Debug|Any CPU
		{866D7A22-79B6-4CBA-A559-ACE7C5C07D58}.Debug|Any CPU.Build.0 = Debug|Any CPU
		{866D7A22-79B6-4CBA-A559-ACE7C5C07D58}.Release|Any CPU.ActiveCfg = Release|Any CPU
		{866D7A22-79B6-4CBA-A559-ACE7C5C07D58}.Release|Any CPU.Build.0 = Release|Any CPU
		{6AF336DC-4D00-43F9-A0A8-994AE1E2A458}.Debug|Any CPU.ActiveCfg = Debug|Any CPU
		{6AF336DC-4D00-43F9-A0A8-994AE1E2A458}.Debug|Any CPU.Build.0 = Debug|Any CPU
		{6AF336DC-4D00-43F9-A0A8-994AE1E2A458}.Release|Any CPU.ActiveCfg = Release|Any CPU
		{6AF336DC-4D00-43F9-A0A8-994AE1E2A458}.Release|Any CPU.Build.0 = Release|Any CPU
		{E2EB7E75-739A-493A-B080-D234703741E7}.Debug|Any CPU.ActiveCfg = Debug|Any CPU
		{E2EB7E75-739A-493A-B080-D234703741E7}.Debug|Any CPU.Build.0 = Debug|Any CPU
		{E2EB7E75-739A-493A-B080-D234703741E7}.Release|Any CPU.ActiveCfg = Release|Any CPU
		{E2EB7E75-739A-493A-B080-D234703741E7}.Release|Any CPU.Build.0 = Release|Any CPU
		{E4622E3E-19C8-4C23-81C0-B380A50FEAC3}.Debug|Any CPU.ActiveCfg = Debug|Any CPU
		{E4622E3E-19C8-4C23-81C0-B380A50FEAC3}.Debug|Any CPU.Build.0 = Debug|Any CPU
		{E4622E3E-19C8-4C23-81C0-B380A50FEAC3}.Release|Any CPU.ActiveCfg = Release|Any CPU
		{E4622E3E-19C8-4C23-81C0-B380A50FEAC3}.Release|Any CPU.Build.0 = Release|Any CPU
		{D506716E-64BC-4285-8175-42D802FD7B08}.Debug|Any CPU.ActiveCfg = Debug|Any CPU
		{D506716E-64BC-4285-8175-42D802FD7B08}.Debug|Any CPU.Build.0 = Debug|Any CPU
		{D506716E-64BC-4285-8175-42D802FD7B08}.Release|Any CPU.ActiveCfg = Release|Any CPU
		{D506716E-64BC-4285-8175-42D802FD7B08}.Release|Any CPU.Build.0 = Release|Any CPU
		{95963357-A8E5-46B4-A6CD-10391DC72071}.Debug|Any CPU.ActiveCfg = Debug|Any CPU
		{95963357-A8E5-46B4-A6CD-10391DC72071}.Debug|Any CPU.Build.0 = Debug|Any CPU
		{95963357-A8E5-46B4-A6CD-10391DC72071}.Release|Any CPU.ActiveCfg = Release|Any CPU
		{95963357-A8E5-46B4-A6CD-10391DC72071}.Release|Any CPU.Build.0 = Release|Any CPU
		{AF1E32BC-2D0E-48A8-A892-5E5E11486B40}.Debug|Any CPU.ActiveCfg = Debug|Any CPU
		{AF1E32BC-2D0E-48A8-A892-5E5E11486B40}.Debug|Any CPU.Build.0 = Debug|Any CPU
		{AF1E32BC-2D0E-48A8-A892-5E5E11486B40}.Release|Any CPU.ActiveCfg = Release|Any CPU
		{AF1E32BC-2D0E-48A8-A892-5E5E11486B40}.Release|Any CPU.Build.0 = Release|Any CPU
		{168F7A70-CA54-440A-971F-54BD4FE0C2CE}.Debug|Any CPU.ActiveCfg = Debug|Any CPU
		{168F7A70-CA54-440A-971F-54BD4FE0C2CE}.Debug|Any CPU.Build.0 = Debug|Any CPU
		{168F7A70-CA54-440A-971F-54BD4FE0C2CE}.Release|Any CPU.ActiveCfg = Release|Any CPU
		{168F7A70-CA54-440A-971F-54BD4FE0C2CE}.Release|Any CPU.Build.0 = Release|Any CPU
		{85E25765-AB2E-43F5-88FD-222A0D29DA0B}.Debug|Any CPU.ActiveCfg = Debug|Any CPU
		{85E25765-AB2E-43F5-88FD-222A0D29DA0B}.Debug|Any CPU.Build.0 = Debug|Any CPU
		{85E25765-AB2E-43F5-88FD-222A0D29DA0B}.Release|Any CPU.ActiveCfg = Release|Any CPU
		{85E25765-AB2E-43F5-88FD-222A0D29DA0B}.Release|Any CPU.Build.0 = Release|Any CPU
		{78748384-842E-40A5-9E7E-700B0BF0666F}.Debug|Any CPU.ActiveCfg = Debug|Any CPU
		{78748384-842E-40A5-9E7E-700B0BF0666F}.Debug|Any CPU.Build.0 = Debug|Any CPU
		{78748384-842E-40A5-9E7E-700B0BF0666F}.Release|Any CPU.ActiveCfg = Release|Any CPU
		{78748384-842E-40A5-9E7E-700B0BF0666F}.Release|Any CPU.Build.0 = Release|Any CPU
		{0A2C26A1-F952-44D9-BE8D-644F347ADEA8}.Debug|Any CPU.ActiveCfg = Debug|Any CPU
		{0A2C26A1-F952-44D9-BE8D-644F347ADEA8}.Debug|Any CPU.Build.0 = Debug|Any CPU
		{0A2C26A1-F952-44D9-BE8D-644F347ADEA8}.Release|Any CPU.ActiveCfg = Release|Any CPU
		{0A2C26A1-F952-44D9-BE8D-644F347ADEA8}.Release|Any CPU.Build.0 = Release|Any CPU
		{3A6B6A31-2396-4750-B42D-8287E2700DF6}.Debug|Any CPU.ActiveCfg = Debug|Any CPU
		{3A6B6A31-2396-4750-B42D-8287E2700DF6}.Debug|Any CPU.Build.0 = Debug|Any CPU
		{3A6B6A31-2396-4750-B42D-8287E2700DF6}.Release|Any CPU.ActiveCfg = Release|Any CPU
		{3A6B6A31-2396-4750-B42D-8287E2700DF6}.Release|Any CPU.Build.0 = Release|Any CPU
		{C1CD9795-9280-48D5-8661-5650F3FF20F3}.Debug|Any CPU.ActiveCfg = Debug|Any CPU
		{C1CD9795-9280-48D5-8661-5650F3FF20F3}.Debug|Any CPU.Build.0 = Debug|Any CPU
		{C1CD9795-9280-48D5-8661-5650F3FF20F3}.Release|Any CPU.ActiveCfg = Release|Any CPU
		{C1CD9795-9280-48D5-8661-5650F3FF20F3}.Release|Any CPU.Build.0 = Release|Any CPU
		{CCD04B2C-B7F0-453E-B892-083EBB208D93}.Debug|Any CPU.ActiveCfg = Debug|Any CPU
		{CCD04B2C-B7F0-453E-B892-083EBB208D93}.Debug|Any CPU.Build.0 = Debug|Any CPU
		{CCD04B2C-B7F0-453E-B892-083EBB208D93}.Release|Any CPU.ActiveCfg = Release|Any CPU
		{CCD04B2C-B7F0-453E-B892-083EBB208D93}.Release|Any CPU.Build.0 = Release|Any CPU
		{0A0BED69-CD9F-469A-9AB6-66FC9AC72E4B}.Debug|Any CPU.ActiveCfg = Debug|Any CPU
		{0A0BED69-CD9F-469A-9AB6-66FC9AC72E4B}.Debug|Any CPU.Build.0 = Debug|Any CPU
		{0A0BED69-CD9F-469A-9AB6-66FC9AC72E4B}.Release|Any CPU.ActiveCfg = Release|Any CPU
		{0A0BED69-CD9F-469A-9AB6-66FC9AC72E4B}.Release|Any CPU.Build.0 = Release|Any CPU
		{22945EB7-0E4E-4398-917B-EDE2F2DA62C4}.Debug|Any CPU.ActiveCfg = Debug|Any CPU
		{22945EB7-0E4E-4398-917B-EDE2F2DA62C4}.Debug|Any CPU.Build.0 = Debug|Any CPU
		{22945EB7-0E4E-4398-917B-EDE2F2DA62C4}.Release|Any CPU.ActiveCfg = Release|Any CPU
		{22945EB7-0E4E-4398-917B-EDE2F2DA62C4}.Release|Any CPU.Build.0 = Release|Any CPU
		{0B4624F6-490E-4B93-8E07-DC87BCE64A84}.Debug|Any CPU.ActiveCfg = Debug|Any CPU
		{0B4624F6-490E-4B93-8E07-DC87BCE64A84}.Debug|Any CPU.Build.0 = Debug|Any CPU
		{0B4624F6-490E-4B93-8E07-DC87BCE64A84}.Release|Any CPU.ActiveCfg = Release|Any CPU
		{0B4624F6-490E-4B93-8E07-DC87BCE64A84}.Release|Any CPU.Build.0 = Release|Any CPU
		{692AFD89-6ACB-4FD2-A8D4-A8FF45D7F921}.Debug|Any CPU.ActiveCfg = Debug|Any CPU
		{692AFD89-6ACB-4FD2-A8D4-A8FF45D7F921}.Debug|Any CPU.Build.0 = Debug|Any CPU
		{692AFD89-6ACB-4FD2-A8D4-A8FF45D7F921}.Release|Any CPU.ActiveCfg = Release|Any CPU
		{692AFD89-6ACB-4FD2-A8D4-A8FF45D7F921}.Release|Any CPU.Build.0 = Release|Any CPU
		{055169E8-85E3-4568-8306-86B4A61DD921}.Debug|Any CPU.ActiveCfg = Debug|Any CPU
		{055169E8-85E3-4568-8306-86B4A61DD921}.Debug|Any CPU.Build.0 = Debug|Any CPU
		{055169E8-85E3-4568-8306-86B4A61DD921}.Release|Any CPU.ActiveCfg = Release|Any CPU
		{055169E8-85E3-4568-8306-86B4A61DD921}.Release|Any CPU.Build.0 = Release|Any CPU
		{37C63A7A-01E1-453C-ACED-686AA1375155}.Debug|Any CPU.ActiveCfg = Debug|Any CPU
		{37C63A7A-01E1-453C-ACED-686AA1375155}.Debug|Any CPU.Build.0 = Debug|Any CPU
		{37C63A7A-01E1-453C-ACED-686AA1375155}.Release|Any CPU.ActiveCfg = Release|Any CPU
		{37C63A7A-01E1-453C-ACED-686AA1375155}.Release|Any CPU.Build.0 = Release|Any CPU
		{E09024E9-B689-4190-8E23-7DC1A2A68510}.Debug|Any CPU.ActiveCfg = Debug|Any CPU
		{E09024E9-B689-4190-8E23-7DC1A2A68510}.Debug|Any CPU.Build.0 = Debug|Any CPU
		{E09024E9-B689-4190-8E23-7DC1A2A68510}.Release|Any CPU.ActiveCfg = Release|Any CPU
		{E09024E9-B689-4190-8E23-7DC1A2A68510}.Release|Any CPU.Build.0 = Release|Any CPU
		{A6F8D904-5B67-44CF-AD55-C13E77F300B4}.Debug|Any CPU.ActiveCfg = Debug|Any CPU
		{A6F8D904-5B67-44CF-AD55-C13E77F300B4}.Debug|Any CPU.Build.0 = Debug|Any CPU
		{A6F8D904-5B67-44CF-AD55-C13E77F300B4}.Release|Any CPU.ActiveCfg = Release|Any CPU
		{A6F8D904-5B67-44CF-AD55-C13E77F300B4}.Release|Any CPU.Build.0 = Release|Any CPU
	EndGlobalSection
	GlobalSection(SolutionProperties) = preSolution
		HideSolutionNode = FALSE
	EndGlobalSection
	GlobalSection(NestedProjects) = preSolution
		{6AF336DC-4D00-43F9-A0A8-994AE1E2A458} = {77935EFB-A157-4B48-9FA6-C877F6F341FB}
		{E2EB7E75-739A-493A-B080-D234703741E7} = {77935EFB-A157-4B48-9FA6-C877F6F341FB}
		{E4622E3E-19C8-4C23-81C0-B380A50FEAC3} = {77935EFB-A157-4B48-9FA6-C877F6F341FB}
		{D506716E-64BC-4285-8175-42D802FD7B08} = {ECB7F22F-6F21-48C2-8F2E-2E4BC8459C4E}
		{95963357-A8E5-46B4-A6CD-10391DC72071} = {ECB7F22F-6F21-48C2-8F2E-2E4BC8459C4E}
		{AF1E32BC-2D0E-48A8-A892-5E5E11486B40} = {ECB7F22F-6F21-48C2-8F2E-2E4BC8459C4E}
		{168F7A70-CA54-440A-971F-54BD4FE0C2CE} = {9A6CE078-3904-4B21-BF73-A77DB0B1113F}
		{85E25765-AB2E-43F5-88FD-222A0D29DA0B} = {9A6CE078-3904-4B21-BF73-A77DB0B1113F}
		{78748384-842E-40A5-9E7E-700B0BF0666F} = {9A6CE078-3904-4B21-BF73-A77DB0B1113F}
		{0A2C26A1-F952-44D9-BE8D-644F347ADEA8} = {8B13E4C1-695E-4E01-99E3-26BFC11D5334}
		{3A6B6A31-2396-4750-B42D-8287E2700DF6} = {8B13E4C1-695E-4E01-99E3-26BFC11D5334}
		{C1CD9795-9280-48D5-8661-5650F3FF20F3} = {8B13E4C1-695E-4E01-99E3-26BFC11D5334}
		{CCD04B2C-B7F0-453E-B892-083EBB208D93} = {3C220C08-2C5E-4CE5-AAA1-F409832EFB39}
		{0A0BED69-CD9F-469A-9AB6-66FC9AC72E4B} = {3C220C08-2C5E-4CE5-AAA1-F409832EFB39}
		{22945EB7-0E4E-4398-917B-EDE2F2DA62C4} = {3C220C08-2C5E-4CE5-AAA1-F409832EFB39}
		{0B4624F6-490E-4B93-8E07-DC87BCE64A84} = {4153FBAB-3A4F-4D2D-9D83-F4BC19BF0588}
		{692AFD89-6ACB-4FD2-A8D4-A8FF45D7F921} = {4153FBAB-3A4F-4D2D-9D83-F4BC19BF0588}
		{055169E8-85E3-4568-8306-86B4A61DD921} = {4153FBAB-3A4F-4D2D-9D83-F4BC19BF0588}
		{37C63A7A-01E1-453C-ACED-686AA1375155} = {22AA1B99-BC50-4D4A-AE50-75EE6CAA2CB2}
		{E09024E9-B689-4190-8E23-7DC1A2A68510} = {22AA1B99-BC50-4D4A-AE50-75EE6CAA2CB2}
		{A6F8D904-5B67-44CF-AD55-C13E77F300B4} = {22AA1B99-BC50-4D4A-AE50-75EE6CAA2CB2}
	EndGlobalSection
	GlobalSection(ExtensibilityGlobals) = postSolution
		SolutionGuid = {84A4FFC9-0598-4D37-945B-7AA0E9685156}
	EndGlobalSection
EndGlobal
